
Microsoft Visual Studio Solution File, Format Version 12.00
# Visual Studio 15
VisualStudioVersion = 15.0.27703.2000
MinimumVisualStudioVersion = 10.0.40219.1
Project("{9A19103F-16F7-4668-BE54-9A1E7A4F7556}") = "BigFile.Library", "BigFile.Library\BigFile.Library.csproj", "{C9B32424-696F-487C-B7BD-F1A536833A65}"
EndProject
Project("{FAE04EC0-301F-11D3-BF4B-00C04F79EFBC}") = "BigFile.WindowsForm", "BigFile.WindowsForm\BigFile.WindowsForm.csproj", "{9806DAA2-6EC4-4F57-99E3-F69D1E54BAE4}"
EndProject
Project("{9A19103F-16F7-4668-BE54-9A1E7A4F7556}") = "BigFile.DataAccess", "BigFile.DataAccess\BigFile.DataAccess.csproj", "{C0DDACD3-996A-4D22-9C3F-D95901ECC51C}"
EndProject
Global
	GlobalSection(SolutionConfigurationPlatforms) = preSolution
		Debug|Any CPU = Debug|Any CPU
		Release|Any CPU = Release|Any CPU
	EndGlobalSection
	GlobalSection(ProjectConfigurationPlatforms) = postSolution
		{C9B32424-696F-487C-B7BD-F1A536833A65}.Debug|Any CPU.ActiveCfg = Debug|Any CPU
		{C9B32424-696F-487C-B7BD-F1A536833A65}.Debug|Any CPU.Build.0 = Debug|Any CPU
		{C9B32424-696F-487C-B7BD-F1A536833A65}.Release|Any CPU.ActiveCfg = Release|Any CPU
		{C9B32424-696F-487C-B7BD-F1A536833A65}.Release|Any CPU.Build.0 = Release|Any CPU
		{9806DAA2-6EC4-4F57-99E3-F69D1E54BAE4}.Debug|Any CPU.ActiveCfg = Debug|Any CPU
		{9806DAA2-6EC4-4F57-99E3-F69D1E54BAE4}.Debug|Any CPU.Build.0 = Debug|Any CPU
		{9806DAA2-6EC4-4F57-99E3-F69D1E54BAE4}.Release|Any CPU.ActiveCfg = Release|Any CPU
		{9806DAA2-6EC4-4F57-99E3-F69D1E54BAE4}.Release|Any CPU.Build.0 = Release|Any CPU
		{C0DDACD3-996A-4D22-9C3F-D95901ECC51C}.Debug|Any CPU.ActiveCfg = Debug|Any CPU
		{C0DDACD3-996A-4D22-9C3F-D95901ECC51C}.Debug|Any CPU.Build.0 = Debug|Any CPU
		{C0DDACD3-996A-4D22-9C3F-D95901ECC51C}.Release|Any CPU.ActiveCfg = Release|Any CPU
		{C0DDACD3-996A-4D22-9C3F-D95901ECC51C}.Release|Any CPU.Build.0 = Release|Any CPU
	EndGlobalSection
	GlobalSection(SolutionProperties) = preSolution
		HideSolutionNode = FALSE
	EndGlobalSection
	GlobalSection(ExtensibilityGlobals) = postSolution
		SolutionGuid = {D588CD8D-9C72-461B-9C15-3858282ED9F0}
	EndGlobalSection
EndGlobal
